
Microsoft Visual Studio Solution File, Format Version 12.00
# Visual Studio Version 16
VisualStudioVersion = 16.0.30804.86
MinimumVisualStudioVersion = 10.0.40219.1
Project("{FAE04EC0-301F-11D3-BF4B-00C04F79EFBC}") = "LoyaltyProgramVersion2.Web", "LoyaltyProgramVersion2.Web\LoyaltyProgramVersion2.Web.csproj", "{61FA9583-ECD7-4F0A-AC56-201B17B79241}"
EndProject
Project("{FAE04EC0-301F-11D3-BF4B-00C04F79EFBC}") = "LoyaltyProgramVersion2.DAL", "LoyaltyProgramVersion2.DAL\LoyaltyProgramVersion2.DAL.csproj", "{81C309BE-A21E-4DE6-981D-B9C00A17D911}"
EndProject
Project("{FAE04EC0-301F-11D3-BF4B-00C04F79EFBC}") = "LoyaltyProgramVersion2.BLL", "LoyaltyProgramVersion2.BLL\LoyaltyProgramVersion2.BLL.csproj", "{DE78AA2F-B821-4793-AB81-9554EA267835}"
EndProject
Global
	GlobalSection(SolutionConfigurationPlatforms) = preSolution
		Debug|Any CPU = Debug|Any CPU
		Release|Any CPU = Release|Any CPU
	EndGlobalSection
	GlobalSection(ProjectConfigurationPlatforms) = postSolution
		{61FA9583-ECD7-4F0A-AC56-201B17B79241}.Debug|Any CPU.ActiveCfg = Debug|Any CPU
		{61FA9583-ECD7-4F0A-AC56-201B17B79241}.Debug|Any CPU.Build.0 = Debug|Any CPU
		{61FA9583-ECD7-4F0A-AC56-201B17B79241}.Release|Any CPU.ActiveCfg = Release|Any CPU
		{61FA9583-ECD7-4F0A-AC56-201B17B79241}.Release|Any CPU.Build.0 = Release|Any CPU
		{81C309BE-A21E-4DE6-981D-B9C00A17D911}.Debug|Any CPU.ActiveCfg = Debug|Any CPU
		{81C309BE-A21E-4DE6-981D-B9C00A17D911}.Debug|Any CPU.Build.0 = Debug|Any CPU
		{81C309BE-A21E-4DE6-981D-B9C00A17D911}.Release|Any CPU.ActiveCfg = Release|Any CPU
		{81C309BE-A21E-4DE6-981D-B9C00A17D911}.Release|Any CPU.Build.0 = Release|Any CPU
		{DE78AA2F-B821-4793-AB81-9554EA267835}.Debug|Any CPU.ActiveCfg = Debug|Any CPU
		{DE78AA2F-B821-4793-AB81-9554EA267835}.Debug|Any CPU.Build.0 = Debug|Any CPU
		{DE78AA2F-B821-4793-AB81-9554EA267835}.Release|Any CPU.ActiveCfg = Release|Any CPU
		{DE78AA2F-B821-4793-AB81-9554EA267835}.Release|Any CPU.Build.0 = Release|Any CPU
	EndGlobalSection
	GlobalSection(SolutionProperties) = preSolution
		HideSolutionNode = FALSE
	EndGlobalSection
	GlobalSection(ExtensibilityGlobals) = postSolution
		SolutionGuid = {0C312E5F-E5A4-418D-9DC8-C4CC3FB4F2DB}
	EndGlobalSection
EndGlobal
